
Microsoft Visual Studio Solution File, Format Version 12.00
# Visual Studio 15
VisualStudioVersion = 15.0.27703.2047
MinimumVisualStudioVersion = 10.0.40219.1
Project("{FAE04EC0-301F-11D3-BF4B-00C04F79EFBC}") = "herokucoreapp", "herokucoreapp\herokucoreapp.csproj", "{322BD160-1930-4FDA-9727-52D3B7BD2969}"
EndProject
Global
	GlobalSection(SolutionConfigurationPlatforms) = preSolution
		Debug|Any CPU = Debug|Any CPU
		Release|Any CPU = Release|Any CPU
	EndGlobalSection
	GlobalSection(ProjectConfigurationPlatforms) = postSolution
		{322BD160-1930-4FDA-9727-52D3B7BD2969}.Debug|Any CPU.ActiveCfg = Debug|Any CPU
		{322BD160-1930-4FDA-9727-52D3B7BD2969}.Debug|Any CPU.Build.0 = Debug|Any CPU
		{322BD160-1930-4FDA-9727-52D3B7BD2969}.Release|Any CPU.ActiveCfg = Release|Any CPU
		{322BD160-1930-4FDA-9727-52D3B7BD2969}.Release|Any CPU.Build.0 = Release|Any CPU
	EndGlobalSection
	GlobalSection(SolutionProperties) = preSolution
		HideSolutionNode = FALSE
	EndGlobalSection
	GlobalSection(ExtensibilityGlobals) = postSolution
		SolutionGuid = {44CFAAEA-674C-4EC3-84FF-E4A6EEB565D7}
	EndGlobalSection
EndGlobal
